{
  "name": "markus-weiss-assistant",
  "version": "1.0.0",
  "lockfileVersion": 3,
  "requires": true,
  "packages": {
    "": {
      "name": "markus-weiss-assistant",
      "version": "1.0.0",
      "dependencies": {
        "@themaximalist/llm.js": "^1.0.0"
      }
    },
    "node_modules/@themaximalist/llm.js": {
      "version": "1.0.1",
      "resolved": "https://registry.npmjs.org/@themaximalist/llm.js/-/llm.js-1.0.1.tgz",
      "integrity": "sha512-xH8+54FlGMA+RJuwTCVCWE/JqvpW0PNem6jZ6qZId4NoKeqGYF5vSmoWqsLu0aSRzW4WcThzJxMO1T/dBRvDVg==",
      "license": "MIT"
    }
  }
}
